{
  "originHash" : "457cc403667f3c343150cf983148e291c374dc1819716cf65ac922cb034f5bad",
  "pins" : [
    {
      "identity" : "bezelnotification",
      "kind" : "remoteSourceControl",
      "location" : "https://github.com/BlueHuskyStudios/BezelNotification.git",
      "state" : {
        "branch" : "feature/6-SwiftUI",
        "revision" : "d4601d55c6e103f6a1d27ee9dc8f9465412d3dd3"
      }
    },
    {
      "identity" : "swift-cross-kit-types",
      "kind" : "remoteSourceControl",
      "location" : "https://github.com/RougeWare/Swift-Cross-Kit-Types.git",
      "state" : {
        "revision" : "d64faa8d5e988352dff45e03a13da4f90c3a70e5",
        "version" : "1.0.0"
      }
    },
    {
      "identity" : "swift-function-tools",
      "kind" : "remoteSourceControl",
      "location" : "https://github.com/RougeWare/Swift-Function-Tools.git",
      "state" : {
        "revision" : "0cc2083f05dc12fa70451985c0c3390e63b468ed",
        "version" : "2.0.0"
      }
    },
    {
      "identity" : "swift-multiplicativearithmetic",
      "kind" : "remoteSourceControl",
      "location" : "https://github.com/RougeWare/Swift-MultiplicativeArithmetic.git",
      "state" : {
        "revision" : "c45199953ac680dfdcaefff5f8743f1126fe8a4e",
        "version" : "1.4.1"
      }
    },
    {
      "identity" : "swift-rectangle-tools",
      "kind" : "remoteSourceControl",
      "location" : "https://github.com/RougeWare/Swift-Rectangle-Tools.git",
      "state" : {
        "revision" : "1942e19c4f84c32fa4aca3e7aa68c724f264452f",
        "version" : "2.17.0"
      }
    }
  ],
  "version" : 3
}
